{
  "version": 4,
  "terraform_version": "0.15.0",
  "serial": 130,
  "lineage": "b03d4d0d-806b-2697-4f6c-d07d6467e96f",
  "outputs": {
    "widget": {
      "value": "    {\n      \"widgets\": [\n        {\n        \"type\": \"metric\",\n        \"width\": 24,\n        \"height\": 6,\n        \"x\": 0,\n        \"y\": 0,\n        \"properties\": {\n            \"view\": \"singleValue\",\n            \"title\": \"CloudFront Status\",\n            \"region\": \"us-east-1\",\n            \"stat\": \"Average\",\n            \"stacked\": false,\n            \"period\": 300,\n            \"metrics\": [\n                [ \"AWS/CloudFront\", \"TotalErrorRate\", \"Region\", \"Global\", \"DistributionId\", \"E32J6S0YQ08RA5\" ],\n[ \".\", \"5xxErrorRate\", \".\", \".\", \".\", \".\" ],\n[ \".\", \"4xxErrorRate\", \".\", \".\", \".\", \".\" ],\n[ \".\", \"BytesDownloaded\", \".\", \".\", \".\", \".\" ],\n[ \".\", \"BytesUploaded\", \".\", \".\", \".\", \".\" ],\n[ \".\", \"Requests\", \".\", \".\", \".\", \".\" ]\n            ]\n          }\n        },\n        {\n            \"type\": \"metric\",\n            \"x\": 0,\n            \"y\": 3,\n            \"width\": 24,\n            \"height\": 3,\n            \"properties\": {\n                \"metrics\": [\n                    [ \"AWS/Lambda\", \"Throttles\", \"FunctionName\", \"response_header_lambda\", \"Resource\", \"response_header_lambda\", { \"visible\": false } ],\n[ \".\", \"Duration\", \".\", \".\", \".\", \".\", { \"visible\": false } ],\n[ \".\", \"Invocations\", \".\", \".\", \".\", \".\", { \"visible\": false } ],\n[ \".\", \"ConcurrentExecutions\", \".\", \".\", \".\", \".\" ],\n[ \".\", \"Errors\", \".\", \".\", \".\", \".\" ]\n\n                ],\n                \"view\": \"singleValue\",\n                \"stacked\": false,\n                \"region\": \"us-east-1\",\n                \"stat\": \"Average\",\n                \"period\": 300,\n                \"title\": \"Lambda@Edge exection\"\n            }\n        }  \n      ]\n    }\n",
      "type": "string"
    }
  },
  "resources": [
    {
      "mode": "data",
      "type": "archive_file",
      "name": "lambda_zip",
      "provider": "provider[\"registry.terraform.io/hashicorp/archive\"]",
      "instances": [
        {
          "schema_version": 0,
          "attributes": {
            "excludes": null,
            "id": "553fd5e62b1f48c236609e50eba9ecbc8cf14b61",
            "output_base64sha256": "S98eofgyvNN8Y4V5tl+P7B4/usAT4qYkpPgC8xhcCNo=",
            "output_file_mode": null,
            "output_md5": "0eee8d7b6126a1eec3174dae94e02c70",
            "output_path": "lambda/lambda.zip",
            "output_sha": "553fd5e62b1f48c236609e50eba9ecbc8cf14b61",
            "output_size": 2228,
            "source": [],
            "source_content": null,
            "source_content_filename": null,
            "source_dir": "lambda",
            "source_file": null,
            "type": "zip"
          },
          "sensitive_attributes": []
        }
      ]
    },
    {
      "mode": "data",
      "type": "template_file",
      "name": "cloudfront_metrics_json",
      "provider": "provider[\"registry.terraform.io/hashicorp/template\"]",
      "instances": [
        {
          "schema_version": 0,
          "attributes": {
            "filename": null,
            "id": "41ddbf11f1837f91254c945fc06ac8114d8455299e296d5b95bce6a0fb75e90c",
            "rendered": "[ \"AWS/CloudFront\", \"TotalErrorRate\", \"Region\", \"Global\", \"DistributionId\", \"E32J6S0YQ08RA5\" ],\n[ \".\", \"5xxErrorRate\", \".\", \".\", \".\", \".\" ],\n[ \".\", \"4xxErrorRate\", \".\", \".\", \".\", \".\" ],\n[ \".\", \"BytesDownloaded\", \".\", \".\", \".\", \".\" ],\n[ \".\", \"BytesUploaded\", \".\", \".\", \".\", \".\" ],\n[ \".\", \"Requests\", \".\", \".\", \".\", \".\" ]",
            "template": "[ \"AWS/CloudFront\", \"TotalErrorRate\", \"Region\", \"Global\", \"DistributionId\", \"${distribution_id}\" ],\n[ \".\", \"5xxErrorRate\", \".\", \".\", \".\", \".\" ],\n[ \".\", \"4xxErrorRate\", \".\", \".\", \".\", \".\" ],\n[ \".\", \"BytesDownloaded\", \".\", \".\", \".\", \".\" ],\n[ \".\", \"BytesUploaded\", \".\", \".\", \".\", \".\" ],\n[ \".\", \"Requests\", \".\", \".\", \".\", \".\" ]",
            "vars": {
              "distribution_id": "E32J6S0YQ08RA5"
            }
          },
          "sensitive_attributes": []
        }
      ]
    },
    {
      "mode": "data",
      "type": "template_file",
      "name": "lambda_metrics_json",
      "provider": "provider[\"registry.terraform.io/hashicorp/template\"]",
      "instances": [
        {
          "schema_version": 0,
          "attributes": {
            "filename": null,
            "id": "ab6b8e1fa36925dd24f3e638fb0a44771036ac03dc69d58dfbf97093ea985930",
            "rendered": "[ \"AWS/Lambda\", \"Throttles\", \"FunctionName\", \"response_header_lambda\", \"Resource\", \"response_header_lambda\", { \"visible\": false } ],\n[ \".\", \"Duration\", \".\", \".\", \".\", \".\", { \"visible\": false } ],\n[ \".\", \"Invocations\", \".\", \".\", \".\", \".\", { \"visible\": false } ],\n[ \".\", \"ConcurrentExecutions\", \".\", \".\", \".\", \".\" ],\n[ \".\", \"Errors\", \".\", \".\", \".\", \".\" ]\n",
            "template": "[ \"AWS/Lambda\", \"Throttles\", \"FunctionName\", \"${lambda_name}\", \"Resource\", \"${lambda_name}\", { \"visible\": false } ],\n[ \".\", \"Duration\", \".\", \".\", \".\", \".\", { \"visible\": false } ],\n[ \".\", \"Invocations\", \".\", \".\", \".\", \".\", { \"visible\": false } ],\n[ \".\", \"ConcurrentExecutions\", \".\", \".\", \".\", \".\" ],\n[ \".\", \"Errors\", \".\", \".\", \".\", \".\" ]\n",
            "vars": {
              "lambda_name": "response_header_lambda"
            }
          },
          "sensitive_attributes": []
        }
      ]
    },
    {
      "mode": "data",
      "type": "template_file",
      "name": "widgets",
      "provider": "provider[\"registry.terraform.io/hashicorp/template\"]",
      "instances": [
        {
          "schema_version": 0,
          "attributes": {
            "filename": null,
            "id": "9cd1eeaac412f565d8eee7ba4459bbbf8d5dc3ae025238dbf30de382f4051ec6",
            "rendered": "    {\n      \"widgets\": [\n        {\n        \"type\": \"metric\",\n        \"width\": 24,\n        \"height\": 6,\n        \"x\": 0,\n        \"y\": 0,\n        \"properties\": {\n            \"view\": \"singleValue\",\n            \"title\": \"CloudFront Status\",\n            \"region\": \"us-east-1\",\n            \"stat\": \"Average\",\n            \"stacked\": false,\n            \"period\": 300,\n            \"metrics\": [\n                [ \"AWS/CloudFront\", \"TotalErrorRate\", \"Region\", \"Global\", \"DistributionId\", \"E32J6S0YQ08RA5\" ],\n[ \".\", \"5xxErrorRate\", \".\", \".\", \".\", \".\" ],\n[ \".\", \"4xxErrorRate\", \".\", \".\", \".\", \".\" ],\n[ \".\", \"BytesDownloaded\", \".\", \".\", \".\", \".\" ],\n[ \".\", \"BytesUploaded\", \".\", \".\", \".\", \".\" ],\n[ \".\", \"Requests\", \".\", \".\", \".\", \".\" ]\n            ]\n          }\n        },\n        {\n            \"type\": \"metric\",\n            \"x\": 0,\n            \"y\": 3,\n            \"width\": 24,\n            \"height\": 3,\n            \"properties\": {\n                \"metrics\": [\n                    [ \"AWS/Lambda\", \"Throttles\", \"FunctionName\", \"response_header_lambda\", \"Resource\", \"response_header_lambda\", { \"visible\": false } ],\n[ \".\", \"Duration\", \".\", \".\", \".\", \".\", { \"visible\": false } ],\n[ \".\", \"Invocations\", \".\", \".\", \".\", \".\", { \"visible\": false } ],\n[ \".\", \"ConcurrentExecutions\", \".\", \".\", \".\", \".\" ],\n[ \".\", \"Errors\", \".\", \".\", \".\", \".\" ]\n\n                ],\n                \"view\": \"singleValue\",\n                \"stacked\": false,\n                \"region\": \"us-east-1\",\n                \"stat\": \"Average\",\n                \"period\": 300,\n                \"title\": \"Lambda@Edge exection\"\n            }\n        }  \n      ]\n    }\n",
            "template": "    {\n      \"widgets\": [\n        {\n        \"type\": \"metric\",\n        \"width\": 24,\n        \"height\": 6,\n        \"x\": 0,\n        \"y\": 0,\n        \"properties\": {\n            \"view\": \"singleValue\",\n            \"title\": \"CloudFront Status\",\n            \"region\": \"us-east-1\",\n            \"stat\": \"Average\",\n            \"stacked\": false,\n            \"period\": 300,\n            \"metrics\": [\n                [ \"AWS/CloudFront\", \"TotalErrorRate\", \"Region\", \"Global\", \"DistributionId\", \"E32J6S0YQ08RA5\" ],\n[ \".\", \"5xxErrorRate\", \".\", \".\", \".\", \".\" ],\n[ \".\", \"4xxErrorRate\", \".\", \".\", \".\", \".\" ],\n[ \".\", \"BytesDownloaded\", \".\", \".\", \".\", \".\" ],\n[ \".\", \"BytesUploaded\", \".\", \".\", \".\", \".\" ],\n[ \".\", \"Requests\", \".\", \".\", \".\", \".\" ]\n            ]\n          }\n        },\n        {\n            \"type\": \"metric\",\n            \"x\": 0,\n            \"y\": 3,\n            \"width\": 24,\n            \"height\": 3,\n            \"properties\": {\n                \"metrics\": [\n                    [ \"AWS/Lambda\", \"Throttles\", \"FunctionName\", \"response_header_lambda\", \"Resource\", \"response_header_lambda\", { \"visible\": false } ],\n[ \".\", \"Duration\", \".\", \".\", \".\", \".\", { \"visible\": false } ],\n[ \".\", \"Invocations\", \".\", \".\", \".\", \".\", { \"visible\": false } ],\n[ \".\", \"ConcurrentExecutions\", \".\", \".\", \".\", \".\" ],\n[ \".\", \"Errors\", \".\", \".\", \".\", \".\" ]\n\n                ],\n                \"view\": \"singleValue\",\n                \"stacked\": false,\n                \"region\": \"us-east-1\",\n                \"stat\": \"Average\",\n                \"period\": 300,\n                \"title\": \"Lambda@Edge exection\"\n            }\n        }  \n      ]\n    }\n",
            "vars": null
          },
          "sensitive_attributes": []
        }
      ]
    },
    {
      "mode": "managed",
      "type": "aws_cloudfront_distribution",
      "name": "s3_distribution",
      "provider": "provider[\"registry.terraform.io/hashicorp/aws\"]",
      "instances": [
        {
          "schema_version": 1,
          "attributes": {
            "aliases": [
              "poc.azlife.allianz.co.id"
            ],
            "arn": "arn:aws:cloudfront::599960384020:distribution/E32J6S0YQ08RA5",
            "caller_reference": "terraform-20210725072843176600000001",
            "comment": "TF cloudfront",
            "custom_error_response": [],
            "default_cache_behavior": [
              {
                "allowed_methods": [
                  "GET",
                  "HEAD"
                ],
                "cache_policy_id": "",
                "cached_methods": [
                  "GET",
                  "HEAD"
                ],
                "compress": true,
                "default_ttl": 86400,
                "field_level_encryption_id": "",
                "forwarded_values": [
                  {
                    "cookies": [
                      {
                        "forward": "none",
                        "whitelisted_names": []
                      }
                    ],
                    "headers": [],
                    "query_string": false,
                    "query_string_cache_keys": []
                  }
                ],
                "function_association": [],
                "lambda_function_association": [
                  {
                    "event_type": "origin-response",
                    "include_body": false,
                    "lambda_arn": "arn:aws:lambda:us-east-1:599960384020:function:response_header_lambda:3"
                  }
                ],
                "max_ttl": 31536000,
                "min_ttl": 1,
                "origin_request_policy_id": "",
                "realtime_log_config_arn": "",
                "smooth_streaming": false,
                "target_origin_id": "s3_origin_id",
                "trusted_key_groups": [],
                "trusted_signers": [],
                "viewer_protocol_policy": "redirect-to-https"
              }
            ],
            "default_root_object": "index.html",
            "domain_name": "dy3umx9n276g1.cloudfront.net",
            "enabled": true,
            "etag": "E3HYNKW1R3I4XU",
            "hosted_zone_id": "Z2FDTNDATAQYW2",
            "http_version": "http2",
            "id": "E32J6S0YQ08RA5",
            "in_progress_validation_batches": 0,
            "is_ipv6_enabled": true,
            "last_modified_time": "2021-07-25 07:28:45.381 +0000 UTC",
            "logging_config": [],
            "ordered_cache_behavior": [],
            "origin": [
              {
                "connection_attempts": 3,
                "connection_timeout": 10,
                "custom_header": [],
                "custom_origin_config": [],
                "domain_name": "my-tf-test-web-bucket.s3.ap-southeast-1.amazonaws.com",
                "origin_id": "s3_origin_id",
                "origin_path": "",
                "origin_shield": [],
                "s3_origin_config": [
                  {
                    "origin_access_identity": "origin-access-identity/cloudfront/E2HWP995P5ORW1"
                  }
                ]
              }
            ],
            "origin_group": [],
            "price_class": "PriceClass_All",
            "restrictions": [
              {
                "geo_restriction": [
                  {
                    "locations": [],
                    "restriction_type": "none"
                  }
                ]
              }
            ],
            "retain_on_delete": false,
            "status": "Deployed",
            "tags": {
              "src.projectKey": "poc"
            },
            "tags_all": {
              "src.projectKey": "poc"
            },
            "trusted_key_groups": [
              {
                "enabled": false,
                "items": []
              }
            ],
            "trusted_signers": [
              {
                "enabled": false,
                "items": []
              }
            ],
            "viewer_certificate": [
              {
                "acm_certificate_arn": "arn:aws:acm:us-east-1:599960384020:certificate/f61ebcc8-afd8-4fe3-a27d-af0907e08a5a",
                "cloudfront_default_certificate": false,
                "iam_certificate_id": "",
                "minimum_protocol_version": "TLSv1.2_2019",
                "ssl_support_method": "sni-only"
              }
            ],
            "wait_for_deployment": true,
            "web_acl_id": ""
          },
          "sensitive_attributes": [],
          "private": "eyJzY2hlbWFfdmVyc2lvbiI6IjEifQ==",
          "dependencies": [
            "aws_cloudwatch_log_group.log_group",
            "aws_iam_role.iam_for_lambda",
            "aws_lambda_function.lambda",
            "aws_s3_bucket.web-bucket",
            "aws_s3_bucket_policy.web-bucket",
            "data.archive_file.lambda_zip"
          ]
        }
      ]
    },
    {
      "mode": "managed",
      "type": "aws_cloudwatch_dashboard",
      "name": "dashboard",
      "provider": "provider[\"registry.terraform.io/hashicorp/aws\"]",
      "instances": [
        {
          "schema_version": 0,
          "attributes": {
            "dashboard_arn": "arn:aws:cloudwatch::599960384020:dashboard/JobTriggerLambdaDashboard",
            "dashboard_body": "    {\n      \"widgets\": [\n        {\n        \"type\": \"metric\",\n        \"width\": 24,\n        \"height\": 6,\n        \"x\": 0,\n        \"y\": 0,\n        \"properties\": {\n            \"view\": \"singleValue\",\n            \"title\": \"CloudFront Status\",\n            \"region\": \"us-east-1\",\n            \"stat\": \"Average\",\n            \"stacked\": false,\n            \"period\": 300,\n            \"metrics\": [\n                [ \"AWS/CloudFront\", \"TotalErrorRate\", \"Region\", \"Global\", \"DistributionId\", \"E32J6S0YQ08RA5\" ],\n[ \".\", \"5xxErrorRate\", \".\", \".\", \".\", \".\" ],\n[ \".\", \"4xxErrorRate\", \".\", \".\", \".\", \".\" ],\n[ \".\", \"BytesDownloaded\", \".\", \".\", \".\", \".\" ],\n[ \".\", \"BytesUploaded\", \".\", \".\", \".\", \".\" ],\n[ \".\", \"Requests\", \".\", \".\", \".\", \".\" ]\n            ]\n          }\n        },\n        {\n            \"type\": \"metric\",\n            \"x\": 0,\n            \"y\": 3,\n            \"width\": 24,\n            \"height\": 3,\n            \"properties\": {\n                \"metrics\": [\n                    [ \"AWS/Lambda\", \"Throttles\", \"FunctionName\", \"response_header_lambda\", \"Resource\", \"response_header_lambda\", { \"visible\": false } ],\n[ \".\", \"Duration\", \".\", \".\", \".\", \".\", { \"visible\": false } ],\n[ \".\", \"Invocations\", \".\", \".\", \".\", \".\", { \"visible\": false } ],\n[ \".\", \"ConcurrentExecutions\", \".\", \".\", \".\", \".\" ],\n[ \".\", \"Errors\", \".\", \".\", \".\", \".\" ]\n\n                ],\n                \"view\": \"singleValue\",\n                \"stacked\": false,\n                \"region\": \"us-east-1\",\n                \"stat\": \"Average\",\n                \"period\": 300,\n                \"title\": \"Lambda@Edge exection\"\n            }\n        }  \n      ]\n    }\n",
            "dashboard_name": "JobTriggerLambdaDashboard",
            "id": "JobTriggerLambdaDashboard"
          },
          "sensitive_attributes": [],
          "private": "bnVsbA==",
          "dependencies": [
            "aws_cloudfront_distribution.s3_distribution",
            "aws_cloudwatch_log_group.log_group",
            "aws_iam_role.iam_for_lambda",
            "aws_lambda_function.lambda",
            "aws_s3_bucket.web-bucket",
            "aws_s3_bucket_policy.web-bucket",
            "data.archive_file.lambda_zip",
            "data.template_file.cloudfront_metrics_json",
            "data.template_file.lambda_metrics_json",
            "data.template_file.widgets"
          ]
        }
      ]
    },
    {
      "mode": "managed",
      "type": "aws_cloudwatch_log_group",
      "name": "log_group",
      "provider": "provider[\"registry.terraform.io/hashicorp/aws\"]",
      "instances": [
        {
          "schema_version": 0,
          "attributes": {
            "arn": "arn:aws:logs:ap-southeast-1:599960384020:log-group:/aws/lambda/response_header_lambda",
            "id": "/aws/lambda/response_header_lambda",
            "kms_key_id": "",
            "name": "/aws/lambda/response_header_lambda",
            "name_prefix": null,
            "retention_in_days": 3,
            "tags": {
              "src.projectKey": "poc"
            },
            "tags_all": {
              "src.projectKey": "poc"
            }
          },
          "sensitive_attributes": [],
          "private": "bnVsbA=="
        }
      ]
    },
    {
      "mode": "managed",
      "type": "aws_iam_role",
      "name": "iam_for_lambda",
      "provider": "provider[\"registry.terraform.io/hashicorp/aws\"]",
      "instances": [
        {
          "schema_version": 0,
          "attributes": {
            "arn": "arn:aws:iam::599960384020:role/lambda-edge-execution-role-tf",
            "assume_role_policy": "{\"Version\":\"2012-10-17\",\"Statement\":[{\"Sid\":\"\",\"Effect\":\"Allow\",\"Principal\":{\"Service\":[\"lambda.amazonaws.com\",\"edgelambda.amazonaws.com\"]},\"Action\":\"sts:AssumeRole\"}]}",
            "create_date": "2021-07-25T07:28:20Z",
            "description": "",
            "force_detach_policies": false,
            "id": "lambda-edge-execution-role-tf",
            "inline_policy": [
              {
                "name": "lambda_edge_policy",
                "policy": "{\"Statement\":[{\"Action\":[\"logs:CreateLogGroup\",\"logs:CreateLogStream\",\"logs:PutLogEvents\"],\"Effect\":\"Allow\",\"Resource\":\"arn:aws:logs:*:*:*\"}],\"Version\":\"2012-10-17\"}"
              }
            ],
            "managed_policy_arns": [],
            "max_session_duration": 3600,
            "name": "lambda-edge-execution-role-tf",
            "name_prefix": null,
            "path": "/",
            "permissions_boundary": null,
            "tags": null,
            "tags_all": {},
            "unique_id": "AROAYXMDM6IKJLQDISUFS"
          },
          "sensitive_attributes": [],
          "private": "bnVsbA=="
        }
      ]
    },
    {
      "mode": "managed",
      "type": "aws_lambda_function",
      "name": "lambda",
      "provider": "provider[\"registry.terraform.io/hashicorp/aws\"].lambda-edge",
      "instances": [
        {
          "schema_version": 0,
          "attributes": {
            "arn": "arn:aws:lambda:us-east-1:599960384020:function:response_header_lambda",
            "code_signing_config_arn": "",
            "dead_letter_config": [],
            "description": "",
            "environment": [],
            "file_system_config": [],
            "filename": "lambda/lambda.zip",
            "function_name": "response_header_lambda",
            "handler": "response_header_lambda.handler",
            "id": "response_header_lambda",
            "image_config": [],
            "image_uri": "",
            "invoke_arn": "arn:aws:apigateway:us-east-1:lambda:path/2015-03-31/functions/arn:aws:lambda:us-east-1:599960384020:function:response_header_lambda/invocations",
            "kms_key_arn": "",
            "last_modified": "2021-07-25T07:28:30.608+0000",
            "layers": null,
            "memory_size": 128,
            "package_type": "Zip",
            "publish": true,
            "qualified_arn": "arn:aws:lambda:us-east-1:599960384020:function:response_header_lambda:3",
            "reserved_concurrent_executions": -1,
            "role": "arn:aws:iam::599960384020:role/lambda-edge-execution-role-tf",
            "runtime": "nodejs14.x",
            "s3_bucket": null,
            "s3_key": null,
            "s3_object_version": null,
            "signing_job_arn": "",
            "signing_profile_version_arn": "",
            "source_code_hash": "S98eofgyvNN8Y4V5tl+P7B4/usAT4qYkpPgC8xhcCNo=",
            "source_code_size": 2228,
            "tags": {
              "src.projectKey": "poc"
            },
            "tags_all": {
              "src.projectKey": "poc"
            },
            "timeout": 3,
            "timeouts": null,
            "tracing_config": [
              {
                "mode": "PassThrough"
              }
            ],
            "version": "3",
            "vpc_config": []
          },
          "sensitive_attributes": [],
          "private": "eyJlMmJmYjczMC1lY2FhLTExZTYtOGY4OC0zNDM2M2JjN2M0YzAiOnsiY3JlYXRlIjo2MDAwMDAwMDAwMDB9fQ==",
          "dependencies": [
            "aws_cloudwatch_log_group.log_group",
            "aws_iam_role.iam_for_lambda",
            "data.archive_file.lambda_zip"
          ]
        }
      ]
    },
    {
      "mode": "managed",
      "type": "aws_s3_bucket",
      "name": "web-bucket",
      "provider": "provider[\"registry.terraform.io/hashicorp/aws\"]",
      "instances": [
        {
          "schema_version": 0,
          "attributes": {
            "acceleration_status": "",
            "acl": "private",
            "arn": "arn:aws:s3:::my-tf-test-web-bucket",
            "bucket": "my-tf-test-web-bucket",
            "bucket_domain_name": "my-tf-test-web-bucket.s3.amazonaws.com",
            "bucket_prefix": null,
            "bucket_regional_domain_name": "my-tf-test-web-bucket.s3.ap-southeast-1.amazonaws.com",
            "cors_rule": [],
            "force_destroy": false,
            "grant": [],
            "hosted_zone_id": "Z3O0J2DXBE1FTB",
            "id": "my-tf-test-web-bucket",
            "lifecycle_rule": [],
            "logging": [],
            "object_lock_configuration": [],
            "policy": null,
            "region": "ap-southeast-1",
            "replication_configuration": [],
            "request_payer": "BucketOwner",
            "server_side_encryption_configuration": [],
            "tags": {
              "src.projectKey": "poc"
            },
            "tags_all": {
              "src.projectKey": "poc"
            },
            "versioning": [
              {
                "enabled": false,
                "mfa_delete": false
              }
            ],
            "website": [],
            "website_domain": null,
            "website_endpoint": null
          },
          "sensitive_attributes": [],
          "private": "bnVsbA=="
        }
      ]
    },
    {
      "mode": "managed",
      "type": "aws_s3_bucket_policy",
      "name": "web-bucket",
      "provider": "provider[\"registry.terraform.io/hashicorp/aws\"]",
      "instances": [
        {
          "schema_version": 0,
          "attributes": {
            "bucket": "my-tf-test-web-bucket",
            "id": "my-tf-test-web-bucket",
            "policy": "{\"Id\":\"PolicyForCloudFrontPrivateContent\",\"Statement\":[{\"Action\":\"s3:GetObject\",\"Effect\":\"Allow\",\"Principal\":{\"AWS\":\"arn:aws:iam::cloudfront:user/CloudFront Origin Access Identity E2HWP995P5ORW1\"},\"Resource\":\"arn:aws:s3:::my-tf-test-web-bucket/*\",\"Sid\":\"1\"}],\"Version\":\"2012-10-17\"}"
          },
          "sensitive_attributes": [],
          "private": "bnVsbA==",
          "dependencies": [
            "aws_s3_bucket.web-bucket"
          ]
        }
      ]
    }
  ]
}
